
Microsoft Visual Studio Solution File, Format Version 12.00
# Visual Studio Version 16
VisualStudioVersion = 16.0.31229.75
MinimumVisualStudioVersion = 10.0.40219.1
Project("{FAE04EC0-301F-11D3-BF4B-00C04F79EFBC}") = "CSharp_MathLoopAssignment", "CSharp_MathLoopAssignment\CSharp_MathLoopAssignment.csproj", "{7DBFF837-C4FD-4C92-A6CF-A510667DFB54}"
EndProject
Global
	GlobalSection(SolutionConfigurationPlatforms) = preSolution
		Debug|Any CPU = Debug|Any CPU
		Release|Any CPU = Release|Any CPU
	EndGlobalSection
	GlobalSection(ProjectConfigurationPlatforms) = postSolution
		{7DBFF837-C4FD-4C92-A6CF-A510667DFB54}.Debug|Any CPU.ActiveCfg = Debug|Any CPU
		{7DBFF837-C4FD-4C92-A6CF-A510667DFB54}.Debug|Any CPU.Build.0 = Debug|Any CPU
		{7DBFF837-C4FD-4C92-A6CF-A510667DFB54}.Release|Any CPU.ActiveCfg = Release|Any CPU
		{7DBFF837-C4FD-4C92-A6CF-A510667DFB54}.Release|Any CPU.Build.0 = Release|Any CPU
	EndGlobalSection
	GlobalSection(SolutionProperties) = preSolution
		HideSolutionNode = FALSE
	EndGlobalSection
	GlobalSection(ExtensibilityGlobals) = postSolution
		SolutionGuid = {E3CEE173-C8F5-4ED5-ADAD-9EBF79241216}
	EndGlobalSection
EndGlobal
